PODS:
  - JFMarkdownKit (1.2.2)
  - JMDesignKit (1.0.0)
  - TypedTextAttributes (1.1.0)

DEPENDENCIES:
  - JFMarkdownKit
  - JMDesignKit
  - TypedTextAttributes

SPEC REPOS:
  https://github.com/CocoaPods/Specs.git:
    - TypedTextAttributes
  https://github.com/jivochat/JMSpecsRepo:
    - JFMarkdownKit
    - JMDesignKit

SPEC CHECKSUMS:
  JFMarkdownKit: 9fbf4d7e07ddb4213f7044547497159a55ca3c73
  JMDesignKit: a2504dd6c940691b4a479b871bc2a73a707c8a93
  TypedTextAttributes: fc3a5a8c4a7a28304446f8c5e8af146d11c2163a

PODFILE CHECKSUM: 8c441991eeea4cc5e5eb13ac2369e5b048660b09

COCOAPODS: 1.11.2
